
Microsoft Visual Studio Solution File, Format Version 12.00
# Visual Studio Version 16
VisualStudioVersion = 16.0.29519.87
MinimumVisualStudioVersion = 10.0.40219.1
Project("{FAE04EC0-301F-11D3-BF4B-00C04F79EFBC}") = "Lab_10-Movie_List", "Lab_10-Movie_List\Lab_10-Movie_List.csproj", "{050D994B-1E7A-415B-AE04-B128C2334D23}"
EndProject
Global
	GlobalSection(SolutionConfigurationPlatforms) = preSolution
		Debug|Any CPU = Debug|Any CPU
		Release|Any CPU = Release|Any CPU
	EndGlobalSection
	GlobalSection(ProjectConfigurationPlatforms) = postSolution
		{050D994B-1E7A-415B-AE04-B128C2334D23}.Debug|Any CPU.ActiveCfg = Debug|Any CPU
		{050D994B-1E7A-415B-AE04-B128C2334D23}.Debug|Any CPU.Build.0 = Debug|Any CPU
		{050D994B-1E7A-415B-AE04-B128C2334D23}.Release|Any CPU.ActiveCfg = Release|Any CPU
		{050D994B-1E7A-415B-AE04-B128C2334D23}.Release|Any CPU.Build.0 = Release|Any CPU
	EndGlobalSection
	GlobalSection(SolutionProperties) = preSolution
		HideSolutionNode = FALSE
	EndGlobalSection
	GlobalSection(ExtensibilityGlobals) = postSolution
		SolutionGuid = {53D929C2-018F-4CCA-BE6F-26DBCA27BB87}
	EndGlobalSection
EndGlobal
